
Microsoft Visual Studio Solution File, Format Version 12.00
# Visual Studio Express 2012 for Web
Project("{FAE04EC0-301F-11D3-BF4B-00C04F79EFBC}") = "pkimupdate", "pkimupdate\pkimupdate.csproj", "{83A4C065-C2EC-46B6-A976-4218C2AE227B}"
EndProject
Global
	GlobalSection(SolutionConfigurationPlatforms) = preSolution
		Debug|Any CPU = Debug|Any CPU
		Release|Any CPU = Release|Any CPU
	EndGlobalSection
	GlobalSection(ProjectConfigurationPlatforms) = postSolution
		{83A4C065-C2EC-46B6-A976-4218C2AE227B}.Debug|Any CPU.ActiveCfg = Debug|Any CPU
		{83A4C065-C2EC-46B6-A976-4218C2AE227B}.Debug|Any CPU.Build.0 = Debug|Any CPU
		{83A4C065-C2EC-46B6-A976-4218C2AE227B}.Release|Any CPU.ActiveCfg = Release|Any CPU
		{83A4C065-C2EC-46B6-A976-4218C2AE227B}.Release|Any CPU.Build.0 = Release|Any CPU
	EndGlobalSection
	GlobalSection(SolutionProperties) = preSolution
		HideSolutionNode = FALSE
	EndGlobalSection
EndGlobal
